
Microsoft Visual Studio Solution File, Format Version 12.00
# Visual Studio Version 17
VisualStudioVersion = 17.10.35004.147
MinimumVisualStudioVersion = 10.0.40219.1
Project("{9A19103F-16F7-4668-BE54-9A1E7A4F7556}") = "frontend", "frontend\frontend.csproj", "{6D83B819-8598-4380-8B22-F50C17913DE0}"
EndProject
Global
	GlobalSection(SolutionConfigurationPlatforms) = preSolution
		Debug|Any CPU = Debug|Any CPU
		Release|Any CPU = Release|Any CPU
	EndGlobalSection
	GlobalSection(ProjectConfigurationPlatforms) = postSolution
		{6D83B819-8598-4380-8B22-F50C17913DE0}.Debug|Any CPU.ActiveCfg = Debug|Any CPU
		{6D83B819-8598-4380-8B22-F50C17913DE0}.Debug|Any CPU.Build.0 = Debug|Any CPU
		{6D83B819-8598-4380-8B22-F50C17913DE0}.Release|Any CPU.ActiveCfg = Release|Any CPU
		{6D83B819-8598-4380-8B22-F50C17913DE0}.Release|Any CPU.Build.0 = Release|Any CPU
	EndGlobalSection
	GlobalSection(SolutionProperties) = preSolution
		HideSolutionNode = FALSE
	EndGlobalSection
	GlobalSection(ExtensibilityGlobals) = postSolution
		SolutionGuid = {E5A06CE1-CCAF-4C89-A09B-C340A724E048}
	EndGlobalSection
EndGlobal
